
Microsoft Visual Studio Solution File, Format Version 12.00
# Visual Studio Version 17
VisualStudioVersion = 17.3.32825.248
MinimumVisualStudioVersion = 10.0.40219.1
Project("{FAE04EC0-301F-11D3-BF4B-00C04F79EFBC}") = "ApexLegendsFinal", "ApexLegendsFinal\ApexLegendsFinal.csproj", "{D45AF76E-9542-4175-8309-5CC2A0BBDBD2}"
EndProject
Global
	GlobalSection(SolutionConfigurationPlatforms) = preSolution
		Debug|Any CPU = Debug|Any CPU
		Release|Any CPU = Release|Any CPU
	EndGlobalSection
	GlobalSection(ProjectConfigurationPlatforms) = postSolution
		{D45AF76E-9542-4175-8309-5CC2A0BBDBD2}.Debug|Any CPU.ActiveCfg = Debug|Any CPU
		{D45AF76E-9542-4175-8309-5CC2A0BBDBD2}.Debug|Any CPU.Build.0 = Debug|Any CPU
		{D45AF76E-9542-4175-8309-5CC2A0BBDBD2}.Release|Any CPU.ActiveCfg = Release|Any CPU
		{D45AF76E-9542-4175-8309-5CC2A0BBDBD2}.Release|Any CPU.Build.0 = Release|Any CPU
	EndGlobalSection
	GlobalSection(SolutionProperties) = preSolution
		HideSolutionNode = FALSE
	EndGlobalSection
	GlobalSection(ExtensibilityGlobals) = postSolution
		SolutionGuid = {6ECD0181-D970-4CC9-8116-AC85C0FFB589}
	EndGlobalSection
EndGlobal
